// !$*UTF8*$!
{
	archiveVersion = 1;
	classes = {
	};
	objectVersion = 77;
	objects = {

/* Begin PBXBuildFile section */
		00EDAADE5D5868F956B7132B /* MessageDetailView.swift in Sources */ = {isa = PBXBuildFile; fileRef = 18359BD966C6EB92C033C1D4 /* MessageDetailView.swift */; };
		01C28E1C17A0053B04FA7E9B /* NoteEditorView.swift in Sources */ = {isa = PBXBuildFile; fileRef = 980992CAF7FCC3FB252A3D26 /* NoteEditorView.swift */; };
		0302993FD1FDB80B9B34E311 /* GatewayConfigurationStore.swift in Sources */ = {isa = PBXBuildFile; fileRef = 486026F4BCD826EBF74D01A3 /* GatewayConfigurationStore.swift */; };
		0314242628382AB63367715D /* FilesView.swift in Sources */ = {isa = PBXBuildFile; fileRef = 58CC94202B1957EB28AC9543 /* FilesView.swift */; };
		03E82D91F7D7105D87B79F42 /* AttachmentPickerModifier.swift in Sources */ = {isa = PBXBuildFile; fileRef = 94322E03B82FA6461F5B4AB6 /* AttachmentPickerModifier.swift */; };
		0676778E0F1A8D811B9A429D /* AutomationRunDetailView.swift in Sources */ = {isa = PBXBuildFile; fileRef = D04AB488F9AD240DC800C567 /* AutomationRunDetailView.swift */; };
		09338A80E2FB99BD1C76D280 /* MarkdownBlocks.swift in Sources */ = {isa = PBXBuildFile; fileRef = EDD10B5431CA80B4BB14615F /* MarkdownBlocks.swift */; };
		096B8983CB3A667B47361125 /* ChatImageLoader.swift in Sources */ = {isa = PBXBuildFile; fileRef = 8FDDA0C2E058A5B28288921F /* ChatImageLoader.swift */; };
		0B755942056EE4838FBFDF79 /* ClarificationCard.swift in Sources */ = {isa = PBXBuildFile; fileRef = DFADEE49AC582A3AA6647297 /* ClarificationCard.swift */; };
		0E04EDC4039351DFB9527F3F /* ConversationsView.swift in Sources */ = {isa = PBXBuildFile; fileRef = 8058FC1BB447A33ED9A10F4A /* ConversationsView.swift */; };
		118AA826F5939736ADFE54B0 /* NoteEditorDiscardUITests.swift in Sources */ = {isa = PBXBuildFile; fileRef = 8D6F01B616406DFB58C80DA4 /* NoteEditorDiscardUITests.swift */; };
		124B70EBED2EFABA81F75A48 /* ProjectTaskEditorView.swift in Sources */ = {isa = PBXBuildFile; fileRef = 93BAAB9A5E492AC5DF693C5A /* ProjectTaskEditorView.swift */; };
		14DF591B12C7D14CF991550D /* AssistantOptionsView.swift in Sources */ = {isa = PBXBuildFile; fileRef = 25DA3228471D55EE4704F260 /* AssistantOptionsView.swift */; };
		18B2209050FDA67F7596E881 /* GatewayClient.swift in Sources */ = {isa = PBXBuildFile; fileRef = 6C6E75BB052D95075AC66B64 /* GatewayClient.swift */; };
		19234BB7B3E0F96251717E8C /* MarkdownBlocksTests.swift in Sources */ = {isa = PBXBuildFile; fileRef = 794BD953FB93FEDE80CB2A00 /* MarkdownBlocksTests.swift */; };
		1DBAA23BDF065B11F12B33C8 /* NoteAttachmentsSection.swift in Sources */ = {isa = PBXBuildFile; fileRef = AAE37390D9DE228209D0D9C2 /* NoteAttachmentsSection.swift */; };
		1E933A6E8068947AF05AC34C /* MessageModels.swift in Sources */ = {isa = PBXBuildFile; fileRef = F870C2254E2430F6C2D9D077 /* MessageModels.swift */; };
		2173016DCD4D634A7750BB32 /* ParityAcceptanceUITests.swift in Sources */ = {isa = PBXBuildFile; fileRef = 07951C88BA92367C46247DD4 /* ParityAcceptanceUITests.swift */; };
		21AEBE74506B6151051F3386 /* MarkdownImageView.swift in Sources */ = {isa = PBXBuildFile; fileRef = B3A989628A0B383E59C7ED1E /* MarkdownImageView.swift */; };
		22746CB1D5B3B9671EACDF05 /* LiveExecutionUITests.swift in Sources */ = {isa = PBXBuildFile; fileRef = 32D0A6A8ABC0CC160CB69A4E /* LiveExecutionUITests.swift */; };
		23F0CAF9E03C1A0DB6E38E09 /* AppLocalization.swift in Sources */ = {isa = PBXBuildFile; fileRef = 0262BCB6E3F7B79845B4FBB1 /* AppLocalization.swift */; };
		2632753B8167A5E5D4DA6125 /* FileTransferViews.swift in Sources */ = {isa = PBXBuildFile; fileRef = 32742BE06CC1325A893917D1 /* FileTransferViews.swift */; };
		2CFC93707DB58FC6F2A706B4 /* ChatReadAloud.swift in Sources */ = {isa = PBXBuildFile; fileRef = 4DCA230B1EC5EF582311498C /* ChatReadAloud.swift */; };
		33C2311208481B3D941883C1 /* AssistantActivityView.swift in Sources */ = {isa = PBXBuildFile; fileRef = 1FC117EC86A36C635A1735DC /* AssistantActivityView.swift */; };
		35492C7001E41295356CEABB /* GatewayClient+Messaging.swift in Sources */ = {isa = PBXBuildFile; fileRef = CC3AE6C51A0F9DED9CB7E227 /* GatewayClient+Messaging.swift */; };
		3A25E4796A05A1313991EDB5 /* RealtimeVoiceProtocol.swift in Sources */ = {isa = PBXBuildFile; fileRef = 7F2CD24074A4CECF834AE1E5 /* RealtimeVoiceProtocol.swift */; };
		4416BED8B387A95EF294F516 /* TestFixtures.swift in Sources */ = {isa = PBXBuildFile; fileRef = 9F5FD7365B0BBD37C7E7A261 /* TestFixtures.swift */; };
		488823A91EA8A914959BF43B /* ClarificationModels.swift in Sources */ = {isa = PBXBuildFile; fileRef = 31C5D70365C99DEF35E7660F /* ClarificationModels.swift */; };
		4973633F8EEDFAB618DFAF2D /* NoteAudioPlayerView.swift in Sources */ = {isa = PBXBuildFile; fileRef = 1C831947C000F1C4E91EAED5 /* NoteAudioPlayerView.swift */; };
		49A8FAF15003050B34221780 /* GatewayClient+TaskEditing.swift in Sources */ = {isa = PBXBuildFile; fileRef = 3485BBEEAD9F312B96496FCD /* GatewayClient+TaskEditing.swift */; };
		4B3E964A3F57C79C6706660F /* ReferencePickerView.swift in Sources */ = {isa = PBXBuildFile; fileRef = 042BA7E2BDA922C2BFBC0686 /* ReferencePickerView.swift */; };
		4B88EB8E65EB0FF890C5F660 /* AssistantTimeline.swift in Sources */ = {isa = PBXBuildFile; fileRef = DA016590211F6147655749F4 /* AssistantTimeline.swift */; };
		4EFBB47302B3D45026E5B952 /* ConversationsState.swift in Sources */ = {isa = PBXBuildFile; fileRef = 92CDFF585F39B886EE771ED4 /* ConversationsState.swift */; };
		4F1680CFE8CC050AF36AE5BE /* RealtimeVoiceProtocolTests.swift in Sources */ = {isa = PBXBuildFile; fileRef = 062EFF606B0879023CD7CAFB /* RealtimeVoiceProtocolTests.swift */; };
		50E083DE84A577E1A4201E91 /* AssistantState.swift in Sources */ = {isa = PBXBuildFile; fileRef = E8D33D5255A8BCFF3E0B3116 /* AssistantState.swift */; };
		527508D76B2D7EBEF8C9F5E2 /* ProductStateTests.swift in Sources */ = {isa = PBXBuildFile; fileRef = 99900F7B67A69928E534319B /* ProductStateTests.swift */; };
		5283D70224A70160D71353E8 /* ChatImageSourceTests.swift in Sources */ = {isa = PBXBuildFile; fileRef = A40219CC081AE988636C9E09 /* ChatImageSourceTests.swift */; };
		53B377DDCC67BAC4D06EA947 /* GatewayModelsTests.swift in Sources */ = {isa = PBXBuildFile; fileRef = C8F3C4A9808977FAC0A3DC5B /* GatewayModelsTests.swift */; };
		556F77443BA8346C7D6243B4 /* GatewayClient+Conversation.swift in Sources */ = {isa = PBXBuildFile; fileRef = 5A21ADCB00C6EC5E7859AE32 /* GatewayClient+Conversation.swift */; };
		55B7DD1306B5B77297E1CE34 /* ProfileView.swift in Sources */ = {isa = PBXBuildFile; fileRef = C5A904020C27A972B2AB0E31 /* ProfileView.swift */; };
		583C391F9A424C0309F8DB45 /* VoiceNoteSubmission.swift in Sources */ = {isa = PBXBuildFile; fileRef = 27C3D981C742DEDAF82F956D /* VoiceNoteSubmission.swift */; };
		5A4EF5B7B5331BCDB79D1CD5 /* VoiceRecoveryUITests.swift in Sources */ = {isa = PBXBuildFile; fileRef = B77774BD21464B10E3A9EC2D /* VoiceRecoveryUITests.swift */; };
		5C03D1F5634810BE2BA63B97 /* ProjectTaskMutation.swift in Sources */ = {isa = PBXBuildFile; fileRef = AA672E8236C1ED26A94B8172 /* ProjectTaskMutation.swift */; };
		5D920CCBB7A84AD1D36DE686 /* ProgressView.swift in Sources */ = {isa = PBXBuildFile; fileRef = 626D1ED3CB8A067D90888730 /* ProgressView.swift */; };
		5E005B0434317F225D0CEBAC /* AppRootView.swift in Sources */ = {isa = PBXBuildFile; fileRef = E6D2D2DBE5DD9C6438D67AF3 /* AppRootView.swift */; };
		6415A0281058ADAD947A5832 /* AutomationsView.swift in Sources */ = {isa = PBXBuildFile; fileRef = BC7C95F8FE1594E14E57A0EA /* AutomationsView.swift */; };
		699CC30DBBE7B4F2147710D9 /* GatewayModels.swift in Sources */ = {isa = PBXBuildFile; fileRef = 365D817669F3BB7FB0BBC518 /* GatewayModels.swift */; };
		6AB7335B00A8B68423B65D37 /* NoteDetailView.swift in Sources */ = {isa = PBXBuildFile; fileRef = 82A4C345FC38C417144E0473 /* NoteDetailView.swift */; };
		7075EF115AFDDAC151413954 /* ProductModels.swift in Sources */ = {isa = PBXBuildFile; fileRef = A335E20823371133F7733755 /* ProductModels.swift */; };
		70A51C553D3BD1A9B6328751 /* ProgressRow.swift in Sources */ = {isa = PBXBuildFile; fileRef = 2450CD82796FD3FEBDC2B244 /* ProgressRow.swift */; };
		77A02540F071B9AFD5C26DE9 /* FileTransferIntegrationTests.swift in Sources */ = {isa = PBXBuildFile; fileRef = A611D3A4CE2F811623AE065E /* FileTransferIntegrationTests.swift */; };
		799E5FFE50B7D1EF549A4F21 /* AssistantView.swift in Sources */ = {isa = PBXBuildFile; fileRef = 3B5399156DB80FDFA0CC9CDF /* AssistantView.swift */; };
		7BF5B89A25FC0E33F680B136 /* Localizable.strings in Resources */ = {isa = PBXBuildFile; fileRef = 71C0ADACAAFD4164DA744926 /* Localizable.strings */; };
		7E1CC8A93454D7792460D252 /* RealtimeVoiceAudio.swift in Sources */ = {isa = PBXBuildFile; fileRef = 3E0EBB6C3755BDF0256201CB /* RealtimeVoiceAudio.swift */; };
		81BAC3CFA81816058F703D55 /* AssistantView+Sending.swift in Sources */ = {isa = PBXBuildFile; fileRef = E9C4B5F30CF6DFD4AA19B2AC /* AssistantView+Sending.swift */; };
		82B8CCD87B5ADCC33C7BFC7C /* AutomationEditorView.swift in Sources */ = {isa = PBXBuildFile; fileRef = 09373E594B14AFE76B9C5CA8 /* AutomationEditorView.swift */; };
		85803E8C956E79A637D5FDB9 /* ChatImageSource.swift in Sources */ = {isa = PBXBuildFile; fileRef = D13D27FE4A5FEC485141F446 /* ChatImageSource.swift */; };
		87880E7B77B986987FDE247D /* PendingVoiceNoteStore.swift in Sources */ = {isa = PBXBuildFile; fileRef = 66D14A958D5D2CB04CF92AD4 /* PendingVoiceNoteStore.swift */; };
		89CA9F4A07F760665A7EA923 /* ProjectDetailView.swift in Sources */ = {isa = PBXBuildFile; fileRef = 1E8108DF863EB6495DB8D4F7 /* ProjectDetailView.swift */; };
		8C6995CDAAC59764CAE6ACD3 /* AppState.swift in Sources */ = {isa = PBXBuildFile; fileRef = C51D60DE900F36685B391F3C /* AppState.swift */; };
		8DF6BCEE61CB87E56A8DBDEF /* AssistantComposer.swift in Sources */ = {isa = PBXBuildFile; fileRef = 534B8A85AE51F975E4104C07 /* AssistantComposer.swift */; };
		947513697F85DD78F8E32D5C /* AppPreferencesView.swift in Sources */ = {isa = PBXBuildFile; fileRef = F47BE78FE0529BB686EDBC64 /* AppPreferencesView.swift */; };
		94D49C3EA7D4F9BE84D9C2EF /* NoteMutation.swift in Sources */ = {isa = PBXBuildFile; fileRef = F0AF08714DC275A149E76AB4 /* NoteMutation.swift */; };
		956F11E37888D267F812F456 /* AppRootTests.swift in Sources */ = {isa = PBXBuildFile; fileRef = 1995C988B9EAD43B5B5383A6 /* AppRootTests.swift */; };
		9BC3836E08B47060F01E9735 /* GatewayClient+Voice.swift in Sources */ = {isa = PBXBuildFile; fileRef = 41B4EF63C8712AA9EE957726 /* GatewayClient+Voice.swift */; };
		9BE40403A8FDBFC39CBFF641 /* ConversationContextButton.swift in Sources */ = {isa = PBXBuildFile; fileRef = E6ECBAB709ED6B714607F120 /* ConversationContextButton.swift */; };
		9BF9C32A317B8A5E428B6945 /* MarkdownNoteInput.swift in Sources */ = {isa = PBXBuildFile; fileRef = D28D3A761AB72069F8013A72 /* MarkdownNoteInput.swift */; };
		9C36ECCD41748134A9CAEC03 /* NotesView.swift in Sources */ = {isa = PBXBuildFile; fileRef = 531D335060F09BBFF5ECBCB0 /* NotesView.swift */; };
		A6A69590BE314D5487153752 /* ProjectTaskRoundTripUITests.swift in Sources */ = {isa = PBXBuildFile; fileRef = 605A9AB9937FE45A97DB7F1B /* ProjectTaskRoundTripUITests.swift */; };
		A6BFE24269BAEF055ED16452 /* MemoryMaintenanceSummary.swift in Sources */ = {isa = PBXBuildFile; fileRef = 957ACD7A723FD34666E22AA7 /* MemoryMaintenanceSummary.swift */; };
		A72C2C6F9AE30E9813D40BA2 /* RealtimeRunSocket.swift in Sources */ = {isa = PBXBuildFile; fileRef = 5E5F7ECF0D5276CA41446DC4 /* RealtimeRunSocket.swift */; };
		A747670376F034EF3F378114 /* AutomationRunEventCopy.swift in Sources */ = {isa = PBXBuildFile; fileRef = 45EC092975CF5102AC5ED508 /* AutomationRunEventCopy.swift */; };
		A7CFEC867F093436CF828A56 /* VoiceNoteFlowView.swift in Sources */ = {isa = PBXBuildFile; fileRef = A2297D611B2485DA143F613E /* VoiceNoteFlowView.swift */; };
		A94A844BC3FF498E2443BCB0 /* ChatReadAloudTests.swift in Sources */ = {isa = PBXBuildFile; fileRef = 2CA8346AD8995A5CB9631366 /* ChatReadAloudTests.swift */; };
		AA0A94A5BE96374D7301CAC0 /* GatewayClient+Products.swift in Sources */ = {isa = PBXBuildFile; fileRef = DF04AD3268C6808CA568CBAB /* GatewayClient+Products.swift */; };
		ADFB03296DD56C91CF3B5AAE /* Assets.xcassets in Resources */ = {isa = PBXBuildFile; fileRef = 096805868F759BC6CF8A4A07 /* Assets.xcassets */; };
		AEE638D3156A5A8F43AB689B /* TaskDetailView.swift in Sources */ = {isa = PBXBuildFile; fileRef = F829805607352507D86D54CC /* TaskDetailView.swift */; };
		AF20A7AD80F58974B5B82CEA /* RealtimeVoiceModels.swift in Sources */ = {isa = PBXBuildFile; fileRef = 3CD13446795B87ABD58F6150 /* RealtimeVoiceModels.swift */; };
		B3158C82ED24CA1B9FD56E1F /* PrivacyInfo.xcprivacy in Resources */ = {isa = PBXBuildFile; fileRef = 522631A59FE71F4BD8629CB2 /* PrivacyInfo.xcprivacy */; };
		B52B3A0A6DDB742874936DEF /* LaunchScreen.storyboard in Resources */ = {isa = PBXBuildFile; fileRef = 2E483924E1299ADE5E857534 /* LaunchScreen.storyboard */; };
		B6C27DE51E933C5FD7B7AF32 /* DiscussionStatusTests.swift in Sources */ = {isa = PBXBuildFile; fileRef = 457889229CBE48819BBACCCB /* DiscussionStatusTests.swift */; };
		B9D5750B52B4DF56F06A1DE3 /* RealtimeVoiceTransport.swift in Sources */ = {isa = PBXBuildFile; fileRef = 2F40686B6F16566758ACD236 /* RealtimeVoiceTransport.swift */; };
		BA6DB0BE4B57B8B8B89B878B /* MarkdownBodyView.swift in Sources */ = {isa = PBXBuildFile; fileRef = A1F15C8EFA31B41061F98EDD /* MarkdownBodyView.swift */; };
		BE7C835C7C838F30507150BF /* VoiceAttachmentRecorderView.swift in Sources */ = {isa = PBXBuildFile; fileRef = 875A5594A4C2C741BA3F20BB /* VoiceAttachmentRecorderView.swift */; };
		C584DE6838646B27073D38C2 /* ConversationContextView.swift in Sources */ = {isa = PBXBuildFile; fileRef = F4C2A4FD49586D61A1532166 /* ConversationContextView.swift */; };
		C9947C87AE5057F15DC51FB7 /* AssistantOptionsState.swift in Sources */ = {isa = PBXBuildFile; fileRef = F0255B2AC32A3E02B25D4469 /* AssistantOptionsState.swift */; };
		D1AC366C652CBF7C398A77F7 /* RealtimeVoiceCall.swift in Sources */ = {isa = PBXBuildFile; fileRef = 011E551E82084F5A029CEABC /* RealtimeVoiceCall.swift */; };
		D3ABAF2AEEAE08456E44B863 /* FeatureStateTests.swift in Sources */ = {isa = PBXBuildFile; fileRef = 390E698F139D6E95B996C88A /* FeatureStateTests.swift */; };
		D8A742CC9B90AC33A3B16D87 /* AppLocalizationTests.swift in Sources */ = {isa = PBXBuildFile; fileRef = A8D791DF361327CBB69D5A7D /* AppLocalizationTests.swift */; };
		DD51A4D23BB63E54D262EB58 /* QueuedInputsCard.swift in Sources */ = {isa = PBXBuildFile; fileRef = 52BAE7D015632E4519B92D8D /* QueuedInputsCard.swift */; };
		DEADB3F7A35AF86641BE1146 /* ConnectionSettingsView.swift in Sources */ = {isa = PBXBuildFile; fileRef = C9F8C86A1C0A9E30AC44BBA9 /* ConnectionSettingsView.swift */; };
		DF78DCC6F1D9FBC363A4E81E /* TaskEditorView.swift in Sources */ = {isa = PBXBuildFile; fileRef = 74B5BF8D4118453BB4A02656 /* TaskEditorView.swift */; };
		E12625938BE53168F7CD29D3 /* MessageBubble.swift in Sources */ = {isa = PBXBuildFile; fileRef = C9329B786AE1D1FD018CE9DE /* MessageBubble.swift */; };
		E948DEDC7561CA33FF750A31 /* RealtimeVoiceCallView.swift in Sources */ = {isa = PBXBuildFile; fileRef = 2C60A2CB1866CC9F7F23E108 /* RealtimeVoiceCallView.swift */; };
		F07D4312BD631E0055643F1E /* ExecutionDetailModels.swift in Sources */ = {isa = PBXBuildFile; fileRef = 59B9D0794B0D4CE399A11BC8 /* ExecutionDetailModels.swift */; };
		F10B6CDD8CB6BB6A7395DFDC /* GatewayCommands.swift in Sources */ = {isa = PBXBuildFile; fileRef = AB3272B6C344527204C77174 /* GatewayCommands.swift */; };
		F326396C31D71504BB2D4B3E /* XopcMobileApp.swift in Sources */ = {isa = PBXBuildFile; fileRef = B1BAC3B4F53556FD5305510A /* XopcMobileApp.swift */; };
		F9065B5A8ED7BC4C38261110 /* FileTransferPolicy.swift in Sources */ = {isa = PBXBuildFile; fileRef = B7E9A2F253F1027DFD2F82C1 /* FileTransferPolicy.swift */; };
		FA4EA63AEACD1C8233385ED5 /* GatewayProfilesView.swift in Sources */ = {isa = PBXBuildFile; fileRef = 945CE29DD9EAD63F09B42935 /* GatewayProfilesView.swift */; };
		FBE326F33F011E10896B7857 /* ProjectCreationTests.swift in Sources */ = {isa = PBXBuildFile; fileRef = 6D825661BEBDD6B5A541C267 /* ProjectCreationTests.swift */; };
		FC66CBF9FC68FF2FF67F7746 /* AssistantQueueState.swift in Sources */ = {isa = PBXBuildFile; fileRef = 558536AF0FCE145886FA6752 /* AssistantQueueState.swift */; };
/* End PBXBuildFile section */

/* Begin PBXContainerItemProxy section */
		87C07C59B53AF2F01A4A3080 /* PBXContainerItemProxy */ = {
			isa = PBXContainerItemProxy;
			containerPortal = 2ACCDFF5B1573D1C986C03A6 /* Project object */;
			proxyType = 1;
			remoteGlobalIDString = CC1146DAE51D5DFE05A6E038;
			remoteInfo = XopcMobile;
		};
		FF7D25F2B14ED3298D0C7A25 /* PBXContainerItemProxy */ = {
			isa = PBXContainerItemProxy;
			containerPortal = 2ACCDFF5B1573D1C986C03A6 /* Project object */;
			proxyType = 1;
			remoteGlobalIDString = CC1146DAE51D5DFE05A6E038;
			remoteInfo = XopcMobile;
		};
/* End PBXContainerItemProxy section */

/* Begin PBXFileReference section */
		011E551E82084F5A029CEABC /* RealtimeVoiceCall.swift */ = {isa = PBXFileReference; lastKnownFileType = sourcecode.swift; path = RealtimeVoiceCall.swift; sourceTree = "<group>"; };
		0262BCB6E3F7B79845B4FBB1 /* AppLocalization.swift */ = {isa = PBXFileReference; lastKnownFileType = sourcecode.swift; path = AppLocalization.swift; sourceTree = "<group>"; };
		042BA7E2BDA922C2BFBC0686 /* ReferencePickerView.swift */ = {isa = PBXFileReference; lastKnownFileType = sourcecode.swift; path = ReferencePickerView.swift; sourceTree = "<group>"; };
		062EFF606B0879023CD7CAFB /* RealtimeVoiceProtocolTests.swift */ = {isa = PBXFileReference; lastKnownFileType = sourcecode.swift; path = RealtimeVoiceProtocolTests.swift; sourceTree = "<group>"; };
		07951C88BA92367C46247DD4 /* ParityAcceptanceUITests.swift */ = {isa = PBXFileReference; lastKnownFileType = sourcecode.swift; path = ParityAcceptanceUITests.swift; sourceTree = "<group>"; };
		08B6383B58F71CBE8AC1F918 /* Info.plist */ = {isa = PBXFileReference; lastKnownFileType = text.plist; path = Info.plist; sourceTree = "<group>"; };
		09373E594B14AFE76B9C5CA8 /* AutomationEditorView.swift */ = {isa = PBXFileReference; lastKnownFileType = sourcecode.swift; path = AutomationEditorView.swift; sourceTree = "<group>"; };
		096805868F759BC6CF8A4A07 /* Assets.xcassets */ = {isa = PBXFileReference; lastKnownFileType = folder.assetcatalog; path = Assets.xcassets; sourceTree = "<group>"; };
		18359BD966C6EB92C033C1D4 /* MessageDetailView.swift */ = {isa = PBXFileReference; lastKnownFileType = sourcecode.swift; path = MessageDetailView.swift; sourceTree = "<group>"; };
		1995C988B9EAD43B5B5383A6 /* AppRootTests.swift */ = {isa = PBXFileReference; lastKnownFileType = sourcecode.swift; path = AppRootTests.swift; sourceTree = "<group>"; };
		1C831947C000F1C4E91EAED5 /* NoteAudioPlayerView.swift */ = {isa = PBXFileReference; lastKnownFileType = sourcecode.swift; path = NoteAudioPlayerView.swift; sourceTree = "<group>"; };
		1E8108DF863EB6495DB8D4F7 /* ProjectDetailView.swift */ = {isa = PBXFileReference; lastKnownFileType = sourcecode.swift; path = ProjectDetailView.swift; sourceTree = "<group>"; };
		1FC117EC86A36C635A1735DC /* AssistantActivityView.swift */ = {isa = PBXFileReference; lastKnownFileType = sourcecode.swift; path = AssistantActivityView.swift; sourceTree = "<group>"; };
		2450CD82796FD3FEBDC2B244 /* ProgressRow.swift */ = {isa = PBXFileReference; lastKnownFileType = sourcecode.swift; path = ProgressRow.swift; sourceTree = "<group>"; };
		25DA3228471D55EE4704F260 /* AssistantOptionsView.swift */ = {isa = PBXFileReference; lastKnownFileType = sourcecode.swift; path = AssistantOptionsView.swift; sourceTree = "<group>"; };
		2608BB8BD660F3E24E52D079 /* XopcMobileUITests.xctest */ = {isa = PBXFileReference; includeInIndex = 0; lastKnownFileType = wrapper.cfbundle; path = XopcMobileUITests.xctest; sourceTree = BUILT_PRODUCTS_DIR; };
		27C3D981C742DEDAF82F956D /* VoiceNoteSubmission.swift */ = {isa = PBXFileReference; lastKnownFileType = sourcecode.swift; path = VoiceNoteSubmission.swift; sourceTree = "<group>"; };
		2C60A2CB1866CC9F7F23E108 /* RealtimeVoiceCallView.swift */ = {isa = PBXFileReference; lastKnownFileType = sourcecode.swift; path = RealtimeVoiceCallView.swift; sourceTree = "<group>"; };
		2CA8346AD8995A5CB9631366 /* ChatReadAloudTests.swift */ = {isa = PBXFileReference; lastKnownFileType = sourcecode.swift; path = ChatReadAloudTests.swift; sourceTree = "<group>"; };
		2E483924E1299ADE5E857534 /* LaunchScreen.storyboard */ = {isa = PBXFileReference; lastKnownFileType = file.storyboard; path = LaunchScreen.storyboard; sourceTree = "<group>"; };
		2F40686B6F16566758ACD236 /* RealtimeVoiceTransport.swift */ = {isa = PBXFileReference; lastKnownFileType = sourcecode.swift; path = RealtimeVoiceTransport.swift; sourceTree = "<group>"; };
		31C5D70365C99DEF35E7660F /* ClarificationModels.swift */ = {isa = PBXFileReference; lastKnownFileType = sourcecode.swift; path = ClarificationModels.swift; sourceTree = "<group>"; };
		32742BE06CC1325A893917D1 /* FileTransferViews.swift */ = {isa = PBXFileReference; lastKnownFileType = sourcecode.swift; path = FileTransferViews.swift; sourceTree = "<group>"; };
		32D0A6A8ABC0CC160CB69A4E /* LiveExecutionUITests.swift */ = {isa = PBXFileReference; lastKnownFileType = sourcecode.swift; path = LiveExecutionUITests.swift; sourceTree = "<group>"; };
		3485BBEEAD9F312B96496FCD /* GatewayClient+TaskEditing.swift */ = {isa = PBXFileReference; lastKnownFileType = sourcecode.swift; path = "GatewayClient+TaskEditing.swift"; sourceTree = "<group>"; };
		365D817669F3BB7FB0BBC518 /* GatewayModels.swift */ = {isa = PBXFileReference; lastKnownFileType = sourcecode.swift; path = GatewayModels.swift; sourceTree = "<group>"; };
		390E698F139D6E95B996C88A /* FeatureStateTests.swift */ = {isa = PBXFileReference; lastKnownFileType = sourcecode.swift; path = FeatureStateTests.swift; sourceTree = "<group>"; };
		3B5399156DB80FDFA0CC9CDF /* AssistantView.swift */ = {isa = PBXFileReference; lastKnownFileType = sourcecode.swift; path = AssistantView.swift; sourceTree = "<group>"; };
		3CD13446795B87ABD58F6150 /* RealtimeVoiceModels.swift */ = {isa = PBXFileReference; lastKnownFileType = sourcecode.swift; path = RealtimeVoiceModels.swift; sourceTree = "<group>"; };
		3D00F5B1AC3954D6C80EB6A9 /* XopcMobileTests.xctest */ = {isa = PBXFileReference; includeInIndex = 0; lastKnownFileType = wrapper.cfbundle; path = XopcMobileTests.xctest; sourceTree = BUILT_PRODUCTS_DIR; };
		3E0EBB6C3755BDF0256201CB /* RealtimeVoiceAudio.swift */ = {isa = PBXFileReference; lastKnownFileType = sourcecode.swift; path = RealtimeVoiceAudio.swift; sourceTree = "<group>"; };
		41B4EF63C8712AA9EE957726 /* GatewayClient+Voice.swift */ = {isa = PBXFileReference; lastKnownFileType = sourcecode.swift; path = "GatewayClient+Voice.swift"; sourceTree = "<group>"; };
		457889229CBE48819BBACCCB /* DiscussionStatusTests.swift */ = {isa = PBXFileReference; lastKnownFileType = sourcecode.swift; path = DiscussionStatusTests.swift; sourceTree = "<group>"; };
		45EC092975CF5102AC5ED508 /* AutomationRunEventCopy.swift */ = {isa = PBXFileReference; lastKnownFileType = sourcecode.swift; path = AutomationRunEventCopy.swift; sourceTree = "<group>"; };
		486026F4BCD826EBF74D01A3 /* GatewayConfigurationStore.swift */ = {isa = PBXFileReference; lastKnownFileType = sourcecode.swift; path = GatewayConfigurationStore.swift; sourceTree = "<group>"; };
		4DCA230B1EC5EF582311498C /* ChatReadAloud.swift */ = {isa = PBXFileReference; lastKnownFileType = sourcecode.swift; path = ChatReadAloud.swift; sourceTree = "<group>"; };
		522631A59FE71F4BD8629CB2 /* PrivacyInfo.xcprivacy */ = {isa = PBXFileReference; path = PrivacyInfo.xcprivacy; sourceTree = "<group>"; };
		52BAE7D015632E4519B92D8D /* QueuedInputsCard.swift */ = {isa = PBXFileReference; lastKnownFileType = sourcecode.swift; path = QueuedInputsCard.swift; sourceTree = "<group>"; };
		531D335060F09BBFF5ECBCB0 /* NotesView.swift */ = {isa = PBXFileReference; lastKnownFileType = sourcecode.swift; path = NotesView.swift; sourceTree = "<group>"; };
		534B8A85AE51F975E4104C07 /* AssistantComposer.swift */ = {isa = PBXFileReference; lastKnownFileType = sourcecode.swift; path = AssistantComposer.swift; sourceTree = "<group>"; };
		558536AF0FCE145886FA6752 /* AssistantQueueState.swift */ = {isa = PBXFileReference; lastKnownFileType = sourcecode.swift; path = AssistantQueueState.swift; sourceTree = "<group>"; };
		58CC94202B1957EB28AC9543 /* FilesView.swift */ = {isa = PBXFileReference; lastKnownFileType = sourcecode.swift; path = FilesView.swift; sourceTree = "<group>"; };
		59B9D0794B0D4CE399A11BC8 /* ExecutionDetailModels.swift */ = {isa = PBXFileReference; lastKnownFileType = sourcecode.swift; path = ExecutionDetailModels.swift; sourceTree = "<group>"; };
		5A21ADCB00C6EC5E7859AE32 /* GatewayClient+Conversation.swift */ = {isa = PBXFileReference; lastKnownFileType = sourcecode.swift; path = "GatewayClient+Conversation.swift"; sourceTree = "<group>"; };
		5E5F7ECF0D5276CA41446DC4 /* RealtimeRunSocket.swift */ = {isa = PBXFileReference; lastKnownFileType = sourcecode.swift; path = RealtimeRunSocket.swift; sourceTree = "<group>"; };
		605A9AB9937FE45A97DB7F1B /* ProjectTaskRoundTripUITests.swift */ = {isa = PBXFileReference; lastKnownFileType = sourcecode.swift; path = ProjectTaskRoundTripUITests.swift; sourceTree = "<group>"; };
		626D1ED3CB8A067D90888730 /* ProgressView.swift */ = {isa = PBXFileReference; lastKnownFileType = sourcecode.swift; path = ProgressView.swift; sourceTree = "<group>"; };
		66D14A958D5D2CB04CF92AD4 /* PendingVoiceNoteStore.swift */ = {isa = PBXFileReference; lastKnownFileType = sourcecode.swift; path = PendingVoiceNoteStore.swift; sourceTree = "<group>"; };
		6C6E75BB052D95075AC66B64 /* GatewayClient.swift */ = {isa = PBXFileReference; lastKnownFileType = sourcecode.swift; path = GatewayClient.swift; sourceTree = "<group>"; };
		6D825661BEBDD6B5A541C267 /* ProjectCreationTests.swift */ = {isa = PBXFileReference; lastKnownFileType = sourcecode.swift; path = ProjectCreationTests.swift; sourceTree = "<group>"; };
		74B5BF8D4118453BB4A02656 /* TaskEditorView.swift */ = {isa = PBXFileReference; lastKnownFileType = sourcecode.swift; path = TaskEditorView.swift; sourceTree = "<group>"; };
		794BD953FB93FEDE80CB2A00 /* MarkdownBlocksTests.swift */ = {isa = PBXFileReference; lastKnownFileType = sourcecode.swift; path = MarkdownBlocksTests.swift; sourceTree = "<group>"; };
		7F2CD24074A4CECF834AE1E5 /* RealtimeVoiceProtocol.swift */ = {isa = PBXFileReference; lastKnownFileType = sourcecode.swift; path = RealtimeVoiceProtocol.swift; sourceTree = "<group>"; };
		8058FC1BB447A33ED9A10F4A /* ConversationsView.swift */ = {isa = PBXFileReference; lastKnownFileType = sourcecode.swift; path = ConversationsView.swift; sourceTree = "<group>"; };
		82A4C345FC38C417144E0473 /* NoteDetailView.swift */ = {isa = PBXFileReference; lastKnownFileType = sourcecode.swift; path = NoteDetailView.swift; sourceTree = "<group>"; };
		83A517E377063C2B77AE832B /* XopcMobile.app */ = {isa = PBXFileReference; includeInIndex = 0; lastKnownFileType = wrapper.application; path = XopcMobile.app; sourceTree = BUILT_PRODUCTS_DIR; };
		875A5594A4C2C741BA3F20BB /* VoiceAttachmentRecorderView.swift */ = {isa = PBXFileReference; lastKnownFileType = sourcecode.swift; path = VoiceAttachmentRecorderView.swift; sourceTree = "<group>"; };
		8D6F01B616406DFB58C80DA4 /* NoteEditorDiscardUITests.swift */ = {isa = PBXFileReference; lastKnownFileType = sourcecode.swift; path = NoteEditorDiscardUITests.swift; sourceTree = "<group>"; };
		8FDDA0C2E058A5B28288921F /* ChatImageLoader.swift */ = {isa = PBXFileReference; lastKnownFileType = sourcecode.swift; path = ChatImageLoader.swift; sourceTree = "<group>"; };
		92CDFF585F39B886EE771ED4 /* ConversationsState.swift */ = {isa = PBXFileReference; lastKnownFileType = sourcecode.swift; path = ConversationsState.swift; sourceTree = "<group>"; };
		93BAAB9A5E492AC5DF693C5A /* ProjectTaskEditorView.swift */ = {isa = PBXFileReference; lastKnownFileType = sourcecode.swift; path = ProjectTaskEditorView.swift; sourceTree = "<group>"; };
		94322E03B82FA6461F5B4AB6 /* AttachmentPickerModifier.swift */ = {isa = PBXFileReference; lastKnownFileType = sourcecode.swift; path = AttachmentPickerModifier.swift; sourceTree = "<group>"; };
		945CE29DD9EAD63F09B42935 /* GatewayProfilesView.swift */ = {isa = PBXFileReference; lastKnownFileType = sourcecode.swift; path = GatewayProfilesView.swift; sourceTree = "<group>"; };
		957ACD7A723FD34666E22AA7 /* MemoryMaintenanceSummary.swift */ = {isa = PBXFileReference; lastKnownFileType = sourcecode.swift; path = MemoryMaintenanceSummary.swift; sourceTree = "<group>"; };
		980992CAF7FCC3FB252A3D26 /* NoteEditorView.swift */ = {isa = PBXFileReference; lastKnownFileType = sourcecode.swift; path = NoteEditorView.swift; sourceTree = "<group>"; };
		99900F7B67A69928E534319B /* ProductStateTests.swift */ = {isa = PBXFileReference; lastKnownFileType = sourcecode.swift; path = ProductStateTests.swift; sourceTree = "<group>"; };
		9E17365AB812E05270EB75A4 /* zh-Hans */ = {isa = PBXFileReference; lastKnownFileType = text.plist.strings; name = "zh-Hans"; path = "zh-Hans.lproj/Localizable.strings"; sourceTree = "<group>"; };
		9F5FD7365B0BBD37C7E7A261 /* TestFixtures.swift */ = {isa = PBXFileReference; lastKnownFileType = sourcecode.swift; path = TestFixtures.swift; sourceTree = "<group>"; };
		A1F15C8EFA31B41061F98EDD /* MarkdownBodyView.swift */ = {isa = PBXFileReference; lastKnownFileType = sourcecode.swift; path = MarkdownBodyView.swift; sourceTree = "<group>"; };
		A2297D611B2485DA143F613E /* VoiceNoteFlowView.swift */ = {isa = PBXFileReference; lastKnownFileType = sourcecode.swift; path = VoiceNoteFlowView.swift; sourceTree = "<group>"; };
		A335E20823371133F7733755 /* ProductModels.swift */ = {isa = PBXFileReference; lastKnownFileType = sourcecode.swift; path = ProductModels.swift; sourceTree = "<group>"; };
		A40219CC081AE988636C9E09 /* ChatImageSourceTests.swift */ = {isa = PBXFileReference; lastKnownFileType = sourcecode.swift; path = ChatImageSourceTests.swift; sourceTree = "<group>"; };
		A611D3A4CE2F811623AE065E /* FileTransferIntegrationTests.swift */ = {isa = PBXFileReference; lastKnownFileType = sourcecode.swift; path = FileTransferIntegrationTests.swift; sourceTree = "<group>"; };
		A8D791DF361327CBB69D5A7D /* AppLocalizationTests.swift */ = {isa = PBXFileReference; lastKnownFileType = sourcecode.swift; path = AppLocalizationTests.swift; sourceTree = "<group>"; };
		AA672E8236C1ED26A94B8172 /* ProjectTaskMutation.swift */ = {isa = PBXFileReference; lastKnownFileType = sourcecode.swift; path = ProjectTaskMutation.swift; sourceTree = "<group>"; };
		AAE37390D9DE228209D0D9C2 /* NoteAttachmentsSection.swift */ = {isa = PBXFileReference; lastKnownFileType = sourcecode.swift; path = NoteAttachmentsSection.swift; sourceTree = "<group>"; };
		AB3272B6C344527204C77174 /* GatewayCommands.swift */ = {isa = PBXFileReference; lastKnownFileType = sourcecode.swift; path = GatewayCommands.swift; sourceTree = "<group>"; };
		B1BAC3B4F53556FD5305510A /* XopcMobileApp.swift */ = {isa = PBXFileReference; lastKnownFileType = sourcecode.swift; path = XopcMobileApp.swift; sourceTree = "<group>"; };
		B3A989628A0B383E59C7ED1E /* MarkdownImageView.swift */ = {isa = PBXFileReference; lastKnownFileType = sourcecode.swift; path = MarkdownImageView.swift; sourceTree = "<group>"; };
		B77774BD21464B10E3A9EC2D /* VoiceRecoveryUITests.swift */ = {isa = PBXFileReference; lastKnownFileType = sourcecode.swift; path = VoiceRecoveryUITests.swift; sourceTree = "<group>"; };
		B7E9A2F253F1027DFD2F82C1 /* FileTransferPolicy.swift */ = {isa = PBXFileReference; lastKnownFileType = sourcecode.swift; path = FileTransferPolicy.swift; sourceTree = "<group>"; };
		BC7C95F8FE1594E14E57A0EA /* AutomationsView.swift */ = {isa = PBXFileReference; lastKnownFileType = sourcecode.swift; path = AutomationsView.swift; sourceTree = "<group>"; };
		C51D60DE900F36685B391F3C /* AppState.swift */ = {isa = PBXFileReference; lastKnownFileType = sourcecode.swift; path = AppState.swift; sourceTree = "<group>"; };
		C5A904020C27A972B2AB0E31 /* ProfileView.swift */ = {isa = PBXFileReference; lastKnownFileType = sourcecode.swift; path = ProfileView.swift; sourceTree = "<group>"; };
		C8F3C4A9808977FAC0A3DC5B /* GatewayModelsTests.swift */ = {isa = PBXFileReference; lastKnownFileType = sourcecode.swift; path = GatewayModelsTests.swift; sourceTree = "<group>"; };
		C9329B786AE1D1FD018CE9DE /* MessageBubble.swift */ = {isa = PBXFileReference; lastKnownFileType = sourcecode.swift; path = MessageBubble.swift; sourceTree = "<group>"; };
		C9F8C86A1C0A9E30AC44BBA9 /* ConnectionSettingsView.swift */ = {isa = PBXFileReference; lastKnownFileType = sourcecode.swift; path = ConnectionSettingsView.swift; sourceTree = "<group>"; };
		CC3AE6C51A0F9DED9CB7E227 /* GatewayClient+Messaging.swift */ = {isa = PBXFileReference; lastKnownFileType = sourcecode.swift; path = "GatewayClient+Messaging.swift"; sourceTree = "<group>"; };
		D04AB488F9AD240DC800C567 /* AutomationRunDetailView.swift */ = {isa = PBXFileReference; lastKnownFileType = sourcecode.swift; path = AutomationRunDetailView.swift; sourceTree = "<group>"; };
		D13D27FE4A5FEC485141F446 /* ChatImageSource.swift */ = {isa = PBXFileReference; lastKnownFileType = sourcecode.swift; path = ChatImageSource.swift; sourceTree = "<group>"; };
		D28D3A761AB72069F8013A72 /* MarkdownNoteInput.swift */ = {isa = PBXFileReference; lastKnownFileType = sourcecode.swift; path = MarkdownNoteInput.swift; sourceTree = "<group>"; };
		DA016590211F6147655749F4 /* AssistantTimeline.swift */ = {isa = PBXFileReference; lastKnownFileType = sourcecode.swift; path = AssistantTimeline.swift; sourceTree = "<group>"; };
		DCA210A3BCBAEC585301213F /* en */ = {isa = PBXFileReference; lastKnownFileType = text.plist.strings; name = en; path = en.lproj/Localizable.strings; sourceTree = "<group>"; };
		DF04AD3268C6808CA568CBAB /* GatewayClient+Products.swift */ = {isa = PBXFileReference; lastKnownFileType = sourcecode.swift; path = "GatewayClient+Products.swift"; sourceTree = "<group>"; };
		DFADEE49AC582A3AA6647297 /* ClarificationCard.swift */ = {isa = PBXFileReference; lastKnownFileType = sourcecode.swift; path = ClarificationCard.swift; sourceTree = "<group>"; };
		E6D2D2DBE5DD9C6438D67AF3 /* AppRootView.swift */ = {isa = PBXFileReference; lastKnownFileType = sourcecode.swift; path = AppRootView.swift; sourceTree = "<group>"; };
		E6ECBAB709ED6B714607F120 /* ConversationContextButton.swift */ = {isa = PBXFileReference; lastKnownFileType = sourcecode.swift; path = ConversationContextButton.swift; sourceTree = "<group>"; };
		E8D33D5255A8BCFF3E0B3116 /* AssistantState.swift */ = {isa = PBXFileReference; lastKnownFileType = sourcecode.swift; path = AssistantState.swift; sourceTree = "<group>"; };
		E9C4B5F30CF6DFD4AA19B2AC /* AssistantView+Sending.swift */ = {isa = PBXFileReference; lastKnownFileType = sourcecode.swift; path = "AssistantView+Sending.swift"; sourceTree = "<group>"; };
		EDD10B5431CA80B4BB14615F /* MarkdownBlocks.swift */ = {isa = PBXFileReference; lastKnownFileType = sourcecode.swift; path = MarkdownBlocks.swift; sourceTree = "<group>"; };
		F0255B2AC32A3E02B25D4469 /* AssistantOptionsState.swift */ = {isa = PBXFileReference; lastKnownFileType = sourcecode.swift; path = AssistantOptionsState.swift; sourceTree = "<group>"; };
		F0AF08714DC275A149E76AB4 /* NoteMutation.swift */ = {isa = PBXFileReference; lastKnownFileType = sourcecode.swift; path = NoteMutation.swift; sourceTree = "<group>"; };
		F47BE78FE0529BB686EDBC64 /* AppPreferencesView.swift */ = {isa = PBXFileReference; lastKnownFileType = sourcecode.swift; path = AppPreferencesView.swift; sourceTree = "<group>"; };
		F4C2A4FD49586D61A1532166 /* ConversationContextView.swift */ = {isa = PBXFileReference; lastKnownFileType = sourcecode.swift; path = ConversationContextView.swift; sourceTree = "<group>"; };
		F829805607352507D86D54CC /* TaskDetailView.swift */ = {isa = PBXFileReference; lastKnownFileType = sourcecode.swift; path = TaskDetailView.swift; sourceTree = "<group>"; };
		F870C2254E2430F6C2D9D077 /* MessageModels.swift */ = {isa = PBXFileReference; lastKnownFileType = sourcecode.swift; path = MessageModels.swift; sourceTree = "<group>"; };
/* End PBXFileReference section */

/* Begin PBXGroup section */
		01FD5219BAE82F657C243D15 /* Assistant */ = {
			isa = PBXGroup;
			children = (
				1FC117EC86A36C635A1735DC /* AssistantActivityView.swift */,
				534B8A85AE51F975E4104C07 /* AssistantComposer.swift */,
				F0255B2AC32A3E02B25D4469 /* AssistantOptionsState.swift */,
				25DA3228471D55EE4704F260 /* AssistantOptionsView.swift */,
				558536AF0FCE145886FA6752 /* AssistantQueueState.swift */,
				E8D33D5255A8BCFF3E0B3116 /* AssistantState.swift */,
				DA016590211F6147655749F4 /* AssistantTimeline.swift */,
				3B5399156DB80FDFA0CC9CDF /* AssistantView.swift */,
				E9C4B5F30CF6DFD4AA19B2AC /* AssistantView+Sending.swift */,
				94322E03B82FA6461F5B4AB6 /* AttachmentPickerModifier.swift */,
				4DCA230B1EC5EF582311498C /* ChatReadAloud.swift */,
				DFADEE49AC582A3AA6647297 /* ClarificationCard.swift */,
				E6ECBAB709ED6B714607F120 /* ConversationContextButton.swift */,
				F4C2A4FD49586D61A1532166 /* ConversationContextView.swift */,
				A1F15C8EFA31B41061F98EDD /* MarkdownBodyView.swift */,
				B3A989628A0B383E59C7ED1E /* MarkdownImageView.swift */,
				C9329B786AE1D1FD018CE9DE /* MessageBubble.swift */,
				18359BD966C6EB92C033C1D4 /* MessageDetailView.swift */,
				52BAE7D015632E4519B92D8D /* QueuedInputsCard.swift */,
				3E0EBB6C3755BDF0256201CB /* RealtimeVoiceAudio.swift */,
				011E551E82084F5A029CEABC /* RealtimeVoiceCall.swift */,
				2C60A2CB1866CC9F7F23E108 /* RealtimeVoiceCallView.swift */,
				042BA7E2BDA922C2BFBC0686 /* ReferencePickerView.swift */,
				875A5594A4C2C741BA3F20BB /* VoiceAttachmentRecorderView.swift */,
			);
			path = Assistant;
			sourceTree = "<group>";
		};
		09922921FC6DFBFAD9610A5D /* Features */ = {
			isa = PBXGroup;
			children = (
				01FD5219BAE82F657C243D15 /* Assistant */,
				8A92061D33A33671963FB78A /* Conversations */,
				2DCF445D8F14D87B23E52570 /* Notes */,
				7FE2C5EBD6ECB04A20822443 /* Profile */,
				CDC2361D9A8982A8608AE532 /* Progress */,
				706FFDF3033652CE52631282 /* Settings */,
			);
			path = Features;
			sourceTree = "<group>";
		};
		29BEE33080CC9F4D8C81B95F /* XopcMobile */ = {
			isa = PBXGroup;
			children = (
				F2E7221B6EEBF65507E6315B /* App */,
				A049ED59801AFA1E501CD8DD /* Core */,
				09922921FC6DFBFAD9610A5D /* Features */,
				6E879DA1F2A43A1F31B9A9AC /* Resources */,
			);
			path = XopcMobile;
			sourceTree = "<group>";
		};
		2DCF445D8F14D87B23E52570 /* Notes */ = {
			isa = PBXGroup;
			children = (
				D28D3A761AB72069F8013A72 /* MarkdownNoteInput.swift */,
				AAE37390D9DE228209D0D9C2 /* NoteAttachmentsSection.swift */,
				1C831947C000F1C4E91EAED5 /* NoteAudioPlayerView.swift */,
				82A4C345FC38C417144E0473 /* NoteDetailView.swift */,
				980992CAF7FCC3FB252A3D26 /* NoteEditorView.swift */,
				531D335060F09BBFF5ECBCB0 /* NotesView.swift */,
				66D14A958D5D2CB04CF92AD4 /* PendingVoiceNoteStore.swift */,
				A2297D611B2485DA143F613E /* VoiceNoteFlowView.swift */,
				27C3D981C742DEDAF82F956D /* VoiceNoteSubmission.swift */,
			);
			path = Notes;
			sourceTree = "<group>";
		};
		4AC6BF139BD62BA92DE45BAB /* Networking */ = {
			isa = PBXGroup;
			children = (
				8FDDA0C2E058A5B28288921F /* ChatImageLoader.swift */,
				6C6E75BB052D95075AC66B64 /* GatewayClient.swift */,
				5A21ADCB00C6EC5E7859AE32 /* GatewayClient+Conversation.swift */,
				CC3AE6C51A0F9DED9CB7E227 /* GatewayClient+Messaging.swift */,
				DF04AD3268C6808CA568CBAB /* GatewayClient+Products.swift */,
				3485BBEEAD9F312B96496FCD /* GatewayClient+TaskEditing.swift */,
				41B4EF63C8712AA9EE957726 /* GatewayClient+Voice.swift */,
				AB3272B6C344527204C77174 /* GatewayCommands.swift */,
				F0AF08714DC275A149E76AB4 /* NoteMutation.swift */,
				AA672E8236C1ED26A94B8172 /* ProjectTaskMutation.swift */,
				5E5F7ECF0D5276CA41446DC4 /* RealtimeRunSocket.swift */,
				7F2CD24074A4CECF834AE1E5 /* RealtimeVoiceProtocol.swift */,
				2F40686B6F16566758ACD236 /* RealtimeVoiceTransport.swift */,
			);
			path = Networking;
			sourceTree = "<group>";
		};
		515B638F6516FAFD0CD30B93 /* XopcMobileTests */ = {
			isa = PBXGroup;
			children = (
				A8D791DF361327CBB69D5A7D /* AppLocalizationTests.swift */,
				1995C988B9EAD43B5B5383A6 /* AppRootTests.swift */,
				A40219CC081AE988636C9E09 /* ChatImageSourceTests.swift */,
				2CA8346AD8995A5CB9631366 /* ChatReadAloudTests.swift */,
				457889229CBE48819BBACCCB /* DiscussionStatusTests.swift */,
				390E698F139D6E95B996C88A /* FeatureStateTests.swift */,
				A611D3A4CE2F811623AE065E /* FileTransferIntegrationTests.swift */,
				C8F3C4A9808977FAC0A3DC5B /* GatewayModelsTests.swift */,
				794BD953FB93FEDE80CB2A00 /* MarkdownBlocksTests.swift */,
				99900F7B67A69928E534319B /* ProductStateTests.swift */,
				6D825661BEBDD6B5A541C267 /* ProjectCreationTests.swift */,
				062EFF606B0879023CD7CAFB /* RealtimeVoiceProtocolTests.swift */,
				9F5FD7365B0BBD37C7E7A261 /* TestFixtures.swift */,
			);
			path = XopcMobileTests;
			sourceTree = "<group>";
		};
		5DF46241615F105BC1CDAF72 /* XopcMobileUITests */ = {
			isa = PBXGroup;
			children = (
				32D0A6A8ABC0CC160CB69A4E /* LiveExecutionUITests.swift */,
				8D6F01B616406DFB58C80DA4 /* NoteEditorDiscardUITests.swift */,
				07951C88BA92367C46247DD4 /* ParityAcceptanceUITests.swift */,
				605A9AB9937FE45A97DB7F1B /* ProjectTaskRoundTripUITests.swift */,
				B77774BD21464B10E3A9EC2D /* VoiceRecoveryUITests.swift */,
			);
			path = XopcMobileUITests;
			sourceTree = "<group>";
		};
		6C482596A0478CD11EAA5058 /* Models */ = {
			isa = PBXGroup;
			children = (
				0262BCB6E3F7B79845B4FBB1 /* AppLocalization.swift */,
				D13D27FE4A5FEC485141F446 /* ChatImageSource.swift */,
				31C5D70365C99DEF35E7660F /* ClarificationModels.swift */,
				59B9D0794B0D4CE399A11BC8 /* ExecutionDetailModels.swift */,
				B7E9A2F253F1027DFD2F82C1 /* FileTransferPolicy.swift */,
				365D817669F3BB7FB0BBC518 /* GatewayModels.swift */,
				EDD10B5431CA80B4BB14615F /* MarkdownBlocks.swift */,
				F870C2254E2430F6C2D9D077 /* MessageModels.swift */,
				A335E20823371133F7733755 /* ProductModels.swift */,
				3CD13446795B87ABD58F6150 /* RealtimeVoiceModels.swift */,
			);
			path = Models;
			sourceTree = "<group>";
		};
		6E879DA1F2A43A1F31B9A9AC /* Resources */ = {
			isa = PBXGroup;
			children = (
				096805868F759BC6CF8A4A07 /* Assets.xcassets */,
				08B6383B58F71CBE8AC1F918 /* Info.plist */,
				2E483924E1299ADE5E857534 /* LaunchScreen.storyboard */,
				522631A59FE71F4BD8629CB2 /* PrivacyInfo.xcprivacy */,
				71C0ADACAAFD4164DA744926 /* Localizable.strings */,
			);
			path = Resources;
			sourceTree = "<group>";
		};
		706FFDF3033652CE52631282 /* Settings */ = {
			isa = PBXGroup;
			children = (
				F47BE78FE0529BB686EDBC64 /* AppPreferencesView.swift */,
				C9F8C86A1C0A9E30AC44BBA9 /* ConnectionSettingsView.swift */,
				945CE29DD9EAD63F09B42935 /* GatewayProfilesView.swift */,
			);
			path = Settings;
			sourceTree = "<group>";
		};
		7FE2C5EBD6ECB04A20822443 /* Profile */ = {
			isa = PBXGroup;
			children = (
				58CC94202B1957EB28AC9543 /* FilesView.swift */,
				32742BE06CC1325A893917D1 /* FileTransferViews.swift */,
				C5A904020C27A972B2AB0E31 /* ProfileView.swift */,
			);
			path = Profile;
			sourceTree = "<group>";
		};
		8A92061D33A33671963FB78A /* Conversations */ = {
			isa = PBXGroup;
			children = (
				92CDFF585F39B886EE771ED4 /* ConversationsState.swift */,
				8058FC1BB447A33ED9A10F4A /* ConversationsView.swift */,
			);
			path = Conversations;
			sourceTree = "<group>";
		};
		A049ED59801AFA1E501CD8DD /* Core */ = {
			isa = PBXGroup;
			children = (
				6C482596A0478CD11EAA5058 /* Models */,
				4AC6BF139BD62BA92DE45BAB /* Networking */,
				F00A4E9F6B25E3BA76D3BD9A /* Storage */,
			);
			path = Core;
			sourceTree = "<group>";
		};
		C4A2368BF06AC325565BE0E1 /* Products */ = {
			isa = PBXGroup;
			children = (
				83A517E377063C2B77AE832B /* XopcMobile.app */,
				3D00F5B1AC3954D6C80EB6A9 /* XopcMobileTests.xctest */,
				2608BB8BD660F3E24E52D079 /* XopcMobileUITests.xctest */,
			);
			name = Products;
			sourceTree = "<group>";
		};
		CDC2361D9A8982A8608AE532 /* Progress */ = {
			isa = PBXGroup;
			children = (
				09373E594B14AFE76B9C5CA8 /* AutomationEditorView.swift */,
				D04AB488F9AD240DC800C567 /* AutomationRunDetailView.swift */,
				45EC092975CF5102AC5ED508 /* AutomationRunEventCopy.swift */,
				BC7C95F8FE1594E14E57A0EA /* AutomationsView.swift */,
				957ACD7A723FD34666E22AA7 /* MemoryMaintenanceSummary.swift */,
				2450CD82796FD3FEBDC2B244 /* ProgressRow.swift */,
				626D1ED3CB8A067D90888730 /* ProgressView.swift */,
				1E8108DF863EB6495DB8D4F7 /* ProjectDetailView.swift */,
				93BAAB9A5E492AC5DF693C5A /* ProjectTaskEditorView.swift */,
				F829805607352507D86D54CC /* TaskDetailView.swift */,
				74B5BF8D4118453BB4A02656 /* TaskEditorView.swift */,
			);
			path = Progress;
			sourceTree = "<group>";
		};
		D628FD55C45701525812E2AE = {
			isa = PBXGroup;
			children = (
				29BEE33080CC9F4D8C81B95F /* XopcMobile */,
				515B638F6516FAFD0CD30B93 /* XopcMobileTests */,
				5DF46241615F105BC1CDAF72 /* XopcMobileUITests */,
				C4A2368BF06AC325565BE0E1 /* Products */,
			);
			sourceTree = "<group>";
		};
		F00A4E9F6B25E3BA76D3BD9A /* Storage */ = {
			isa = PBXGroup;
			children = (
				486026F4BCD826EBF74D01A3 /* GatewayConfigurationStore.swift */,
			);
			path = Storage;
			sourceTree = "<group>";
		};
		F2E7221B6EEBF65507E6315B /* App */ = {
			isa = PBXGroup;
			children = (
				E6D2D2DBE5DD9C6438D67AF3 /* AppRootView.swift */,
				C51D60DE900F36685B391F3C /* AppState.swift */,
				B1BAC3B4F53556FD5305510A /* XopcMobileApp.swift */,
			);
			path = App;
			sourceTree = "<group>";
		};
/* End PBXGroup section */

/* Begin PBXNativeTarget section */
		2600F66947C1725CFB2F2F5D /* XopcMobileUITests */ = {
			isa = PBXNativeTarget;
			buildConfigurationList = 327C094009379DE303742F8B /* Build configuration list for PBXNativeTarget "XopcMobileUITests" */;
			buildPhases = (
				84E5E55C5408B3B551FE473C /* Sources */,
			);
			buildRules = (
			);
			dependencies = (
				23F927BDED51AA02165203CB /* PBXTargetDependency */,
			);
			name = XopcMobileUITests;
			packageProductDependencies = (
			);
			productName = XopcMobileUITests;
			productReference = 2608BB8BD660F3E24E52D079 /* XopcMobileUITests.xctest */;
			productType = "com.apple.product-type.bundle.ui-testing";
		};
		CC1146DAE51D5DFE05A6E038 /* XopcMobile */ = {
			isa = PBXNativeTarget;
			buildConfigurationList = D009A2FBE9F89603FBD8945F /* Build configuration list for PBXNativeTarget "XopcMobile" */;
			buildPhases = (
				6D42E532980DFB41BED7AE3B /* Sources */,
				E4564F5129BD31C3F4BDC088 /* Resources */,
			);
			buildRules = (
			);
			dependencies = (
			);
			name = XopcMobile;
			packageProductDependencies = (
			);
			productName = XopcMobile;
			productReference = 83A517E377063C2B77AE832B /* XopcMobile.app */;
			productType = "com.apple.product-type.application";
		};
		FC64DEDF0ED97BDAA4AD18D1 /* XopcMobileTests */ = {
			isa = PBXNativeTarget;
			buildConfigurationList = D48641814A6A626E18B66104 /* Build configuration list for PBXNativeTarget "XopcMobileTests" */;
			buildPhases = (
				CDB7F4A5E72A1CD450D78E0F /* Sources */,
			);
			buildRules = (
			);
			dependencies = (
				01F60F028ED406EC60737D3C /* PBXTargetDependency */,
			);
			name = XopcMobileTests;
			packageProductDependencies = (
			);
			productName = XopcMobileTests;
			productReference = 3D00F5B1AC3954D6C80EB6A9 /* XopcMobileTests.xctest */;
			productType = "com.apple.product-type.bundle.unit-test";
		};
/* End PBXNativeTarget section */

/* Begin PBXProject section */
		2ACCDFF5B1573D1C986C03A6 /* Project object */ = {
			isa = PBXProject;
			attributes = {
				BuildIndependentTargetsInParallel = YES;
				LastUpgradeCheck = 1430;
				TargetAttributes = {
					2600F66947C1725CFB2F2F5D = {
						TestTargetID = CC1146DAE51D5DFE05A6E038;
					};
				};
			};
			buildConfigurationList = E4E2BBE8E751F3DD3E08868B /* Build configuration list for PBXProject "XopcMobile" */;
			developmentRegion = en;
			hasScannedForEncodings = 0;
			knownRegions = (
				Base,
				en,
				"zh-Hans",
			);
			mainGroup = D628FD55C45701525812E2AE;
			minimizedProjectReferenceProxies = 1;
			preferredProjectObjectVersion = 77;
			productRefGroup = C4A2368BF06AC325565BE0E1 /* Products */;
			projectDirPath = "";
			projectRoot = "";
			targets = (
				CC1146DAE51D5DFE05A6E038 /* XopcMobile */,
				FC64DEDF0ED97BDAA4AD18D1 /* XopcMobileTests */,
				2600F66947C1725CFB2F2F5D /* XopcMobileUITests */,
			);
		};
/* End PBXProject section */

/* Begin PBXResourcesBuildPhase section */
		E4564F5129BD31C3F4BDC088 /* Resources */ = {
			isa = PBXResourcesBuildPhase;
			buildActionMask = 2147483647;
			files = (
				ADFB03296DD56C91CF3B5AAE /* Assets.xcassets in Resources */,
				B52B3A0A6DDB742874936DEF /* LaunchScreen.storyboard in Resources */,
				7BF5B89A25FC0E33F680B136 /* Localizable.strings in Resources */,
				B3158C82ED24CA1B9FD56E1F /* PrivacyInfo.xcprivacy in Resources */,
			);
			runOnlyForDeploymentPostprocessing = 0;
		};
/* End PBXResourcesBuildPhase section */

/* Begin PBXSourcesBuildPhase section */
		6D42E532980DFB41BED7AE3B /* Sources */ = {
			isa = PBXSourcesBuildPhase;
			buildActionMask = 2147483647;
			files = (
				23F0CAF9E03C1A0DB6E38E09 /* AppLocalization.swift in Sources */,
				947513697F85DD78F8E32D5C /* AppPreferencesView.swift in Sources */,
				5E005B0434317F225D0CEBAC /* AppRootView.swift in Sources */,
				8C6995CDAAC59764CAE6ACD3 /* AppState.swift in Sources */,
				33C2311208481B3D941883C1 /* AssistantActivityView.swift in Sources */,
				8DF6BCEE61CB87E56A8DBDEF /* AssistantComposer.swift in Sources */,
				C9947C87AE5057F15DC51FB7 /* AssistantOptionsState.swift in Sources */,
				14DF591B12C7D14CF991550D /* AssistantOptionsView.swift in Sources */,
				FC66CBF9FC68FF2FF67F7746 /* AssistantQueueState.swift in Sources */,
				50E083DE84A577E1A4201E91 /* AssistantState.swift in Sources */,
				4B88EB8E65EB0FF890C5F660 /* AssistantTimeline.swift in Sources */,
				81BAC3CFA81816058F703D55 /* AssistantView+Sending.swift in Sources */,
				799E5FFE50B7D1EF549A4F21 /* AssistantView.swift in Sources */,
				03E82D91F7D7105D87B79F42 /* AttachmentPickerModifier.swift in Sources */,
				82B8CCD87B5ADCC33C7BFC7C /* AutomationEditorView.swift in Sources */,
				0676778E0F1A8D811B9A429D /* AutomationRunDetailView.swift in Sources */,
				A747670376F034EF3F378114 /* AutomationRunEventCopy.swift in Sources */,
				6415A0281058ADAD947A5832 /* AutomationsView.swift in Sources */,
				096B8983CB3A667B47361125 /* ChatImageLoader.swift in Sources */,
				85803E8C956E79A637D5FDB9 /* ChatImageSource.swift in Sources */,
				2CFC93707DB58FC6F2A706B4 /* ChatReadAloud.swift in Sources */,
				0B755942056EE4838FBFDF79 /* ClarificationCard.swift in Sources */,
				488823A91EA8A914959BF43B /* ClarificationModels.swift in Sources */,
				DEADB3F7A35AF86641BE1146 /* ConnectionSettingsView.swift in Sources */,
				9BE40403A8FDBFC39CBFF641 /* ConversationContextButton.swift in Sources */,
				C584DE6838646B27073D38C2 /* ConversationContextView.swift in Sources */,
				4EFBB47302B3D45026E5B952 /* ConversationsState.swift in Sources */,
				0E04EDC4039351DFB9527F3F /* ConversationsView.swift in Sources */,
				F07D4312BD631E0055643F1E /* ExecutionDetailModels.swift in Sources */,
				F9065B5A8ED7BC4C38261110 /* FileTransferPolicy.swift in Sources */,
				2632753B8167A5E5D4DA6125 /* FileTransferViews.swift in Sources */,
				0314242628382AB63367715D /* FilesView.swift in Sources */,
				556F77443BA8346C7D6243B4 /* GatewayClient+Conversation.swift in Sources */,
				35492C7001E41295356CEABB /* GatewayClient+Messaging.swift in Sources */,
				AA0A94A5BE96374D7301CAC0 /* GatewayClient+Products.swift in Sources */,
				49A8FAF15003050B34221780 /* GatewayClient+TaskEditing.swift in Sources */,
				9BC3836E08B47060F01E9735 /* GatewayClient+Voice.swift in Sources */,
				18B2209050FDA67F7596E881 /* GatewayClient.swift in Sources */,
				F10B6CDD8CB6BB6A7395DFDC /* GatewayCommands.swift in Sources */,
				0302993FD1FDB80B9B34E311 /* GatewayConfigurationStore.swift in Sources */,
				699CC30DBBE7B4F2147710D9 /* GatewayModels.swift in Sources */,
				FA4EA63AEACD1C8233385ED5 /* GatewayProfilesView.swift in Sources */,
				09338A80E2FB99BD1C76D280 /* MarkdownBlocks.swift in Sources */,
				BA6DB0BE4B57B8B8B89B878B /* MarkdownBodyView.swift in Sources */,
				21AEBE74506B6151051F3386 /* MarkdownImageView.swift in Sources */,
				9BF9C32A317B8A5E428B6945 /* MarkdownNoteInput.swift in Sources */,
				A6BFE24269BAEF055ED16452 /* MemoryMaintenanceSummary.swift in Sources */,
				E12625938BE53168F7CD29D3 /* MessageBubble.swift in Sources */,
				00EDAADE5D5868F956B7132B /* MessageDetailView.swift in Sources */,
				1E933A6E8068947AF05AC34C /* MessageModels.swift in Sources */,
				1DBAA23BDF065B11F12B33C8 /* NoteAttachmentsSection.swift in Sources */,
				4973633F8EEDFAB618DFAF2D /* NoteAudioPlayerView.swift in Sources */,
				6AB7335B00A8B68423B65D37 /* NoteDetailView.swift in Sources */,
				01C28E1C17A0053B04FA7E9B /* NoteEditorView.swift in Sources */,
				94D49C3EA7D4F9BE84D9C2EF /* NoteMutation.swift in Sources */,
				9C36ECCD41748134A9CAEC03 /* NotesView.swift in Sources */,
				87880E7B77B986987FDE247D /* PendingVoiceNoteStore.swift in Sources */,
				7075EF115AFDDAC151413954 /* ProductModels.swift in Sources */,
				55B7DD1306B5B77297E1CE34 /* ProfileView.swift in Sources */,
				70A51C553D3BD1A9B6328751 /* ProgressRow.swift in Sources */,
				5D920CCBB7A84AD1D36DE686 /* ProgressView.swift in Sources */,
				89CA9F4A07F760665A7EA923 /* ProjectDetailView.swift in Sources */,
				124B70EBED2EFABA81F75A48 /* ProjectTaskEditorView.swift in Sources */,
				5C03D1F5634810BE2BA63B97 /* ProjectTaskMutation.swift in Sources */,
				DD51A4D23BB63E54D262EB58 /* QueuedInputsCard.swift in Sources */,
				A72C2C6F9AE30E9813D40BA2 /* RealtimeRunSocket.swift in Sources */,
				7E1CC8A93454D7792460D252 /* RealtimeVoiceAudio.swift in Sources */,
				D1AC366C652CBF7C398A77F7 /* RealtimeVoiceCall.swift in Sources */,
				E948DEDC7561CA33FF750A31 /* RealtimeVoiceCallView.swift in Sources */,
				AF20A7AD80F58974B5B82CEA /* RealtimeVoiceModels.swift in Sources */,
				3A25E4796A05A1313991EDB5 /* RealtimeVoiceProtocol.swift in Sources */,
				B9D5750B52B4DF56F06A1DE3 /* RealtimeVoiceTransport.swift in Sources */,
				4B3E964A3F57C79C6706660F /* ReferencePickerView.swift in Sources */,
				AEE638D3156A5A8F43AB689B /* TaskDetailView.swift in Sources */,
				DF78DCC6F1D9FBC363A4E81E /* TaskEditorView.swift in Sources */,
				BE7C835C7C838F30507150BF /* VoiceAttachmentRecorderView.swift in Sources */,
				A7CFEC867F093436CF828A56 /* VoiceNoteFlowView.swift in Sources */,
				583C391F9A424C0309F8DB45 /* VoiceNoteSubmission.swift in Sources */,
				F326396C31D71504BB2D4B3E /* XopcMobileApp.swift in Sources */,
			);
			runOnlyForDeploymentPostprocessing = 0;
		};
		84E5E55C5408B3B551FE473C /* Sources */ = {
			isa = PBXSourcesBuildPhase;
			buildActionMask = 2147483647;
			files = (
				22746CB1D5B3B9671EACDF05 /* LiveExecutionUITests.swift in Sources */,
				118AA826F5939736ADFE54B0 /* NoteEditorDiscardUITests.swift in Sources */,
				2173016DCD4D634A7750BB32 /* ParityAcceptanceUITests.swift in Sources */,
				A6A69590BE314D5487153752 /* ProjectTaskRoundTripUITests.swift in Sources */,
				5A4EF5B7B5331BCDB79D1CD5 /* VoiceRecoveryUITests.swift in Sources */,
			);
			runOnlyForDeploymentPostprocessing = 0;
		};
		CDB7F4A5E72A1CD450D78E0F /* Sources */ = {
			isa = PBXSourcesBuildPhase;
			buildActionMask = 2147483647;
			files = (
				D8A742CC9B90AC33A3B16D87 /* AppLocalizationTests.swift in Sources */,
				956F11E37888D267F812F456 /* AppRootTests.swift in Sources */,
				5283D70224A70160D71353E8 /* ChatImageSourceTests.swift in Sources */,
				A94A844BC3FF498E2443BCB0 /* ChatReadAloudTests.swift in Sources */,
				B6C27DE51E933C5FD7B7AF32 /* DiscussionStatusTests.swift in Sources */,
				D3ABAF2AEEAE08456E44B863 /* FeatureStateTests.swift in Sources */,
				77A02540F071B9AFD5C26DE9 /* FileTransferIntegrationTests.swift in Sources */,
				53B377DDCC67BAC4D06EA947 /* GatewayModelsTests.swift in Sources */,
				19234BB7B3E0F96251717E8C /* MarkdownBlocksTests.swift in Sources */,
				527508D76B2D7EBEF8C9F5E2 /* ProductStateTests.swift in Sources */,
				FBE326F33F011E10896B7857 /* ProjectCreationTests.swift in Sources */,
				4F1680CFE8CC050AF36AE5BE /* RealtimeVoiceProtocolTests.swift in Sources */,
				4416BED8B387A95EF294F516 /* TestFixtures.swift in Sources */,
			);
			runOnlyForDeploymentPostprocessing = 0;
		};
/* End PBXSourcesBuildPhase section */

/* Begin PBXTargetDependency section */
		01F60F028ED406EC60737D3C /* PBXTargetDependency */ = {
			isa = PBXTargetDependency;
			target = CC1146DAE51D5DFE05A6E038 /* XopcMobile */;
			targetProxy = 87C07C59B53AF2F01A4A3080 /* PBXContainerItemProxy */;
		};
		23F927BDED51AA02165203CB /* PBXTargetDependency */ = {
			isa = PBXTargetDependency;
			target = CC1146DAE51D5DFE05A6E038 /* XopcMobile */;
			targetProxy = FF7D25F2B14ED3298D0C7A25 /* PBXContainerItemProxy */;
		};
/* End PBXTargetDependency section */

/* Begin PBXVariantGroup section */
		71C0ADACAAFD4164DA744926 /* Localizable.strings */ = {
			isa = PBXVariantGroup;
			children = (
				DCA210A3BCBAEC585301213F /* en */,
				9E17365AB812E05270EB75A4 /* zh-Hans */,
			);
			name = Localizable.strings;
			sourceTree = "<group>";
		};
/* End PBXVariantGroup section */

/* Begin XCBuildConfiguration section */
		045B070CDEC59F09A9A98DAD /* Debug */ = {
			isa = XCBuildConfiguration;
			buildSettings = {
				ASSETCATALOG_COMPILER_APPICON_NAME = AppIcon;
				ASSETCATALOG_COMPILER_GLOBAL_ACCENT_COLOR_NAME = AccentColor;
				CODE_SIGN_IDENTITY = "iPhone Developer";
				CURRENT_PROJECT_VERSION = 1;
				GENERATE_INFOPLIST_FILE = YES;
				INFOPLIST_FILE = XopcMobile/Resources/Info.plist;
				INFOPLIST_KEY_CFBundleDisplayName = xopc;
				INFOPLIST_KEY_ITSAppUsesNonExemptEncryption = NO;
				INFOPLIST_KEY_LSApplicationCategoryType = "public.app-category.productivity";
				INFOPLIST_KEY_NSAppTransportSecurity_NSAllowsLocalNetworking = YES;
				INFOPLIST_KEY_NSCameraUsageDescription = "用于拍摄并发送给助手的图片。";
				INFOPLIST_KEY_NSMicrophoneUsageDescription = "用于录制语音消息和语音笔记。";
				INFOPLIST_KEY_UIApplicationSupportsIndirectInputEvents = YES;
				INFOPLIST_KEY_UILaunchStoryboardName = LaunchScreen;
				LD_RUNPATH_SEARCH_PATHS = (
					"$(inherited)",
					"@executable_path/Frameworks",
				);
				MARKETING_VERSION = 0.0.81;
				PRODUCT_BUNDLE_IDENTIFIER = ai.xopc.xopc;
				SDKROOT = iphoneos;
				TARGETED_DEVICE_FAMILY = "1,2";
			};
			name = Debug;
		};
		1BC2B32BE078B0A39EE5D5F5 /* Release */ = {
			isa = XCBuildConfiguration;
			buildSettings = {
				BUNDLE_LOADER = "$(TEST_HOST)";
				GENERATE_INFOPLIST_FILE = YES;
				LD_RUNPATH_SEARCH_PATHS = (
					"$(inherited)",
					"@executable_path/Frameworks",
					"@loader_path/Frameworks",
				);
				PRODUCT_BUNDLE_IDENTIFIER = ai.xopc.xopc.tests;
				SDKROOT = iphoneos;
				TARGETED_DEVICE_FAMILY = "1,2";
				TEST_HOST = "$(BUILT_PRODUCTS_DIR)/XopcMobile.app/XopcMobile";
			};
			name = Release;
		};
		447E4B0A30A9D7F09F86B75F /* Release */ = {
			isa = XCBuildConfiguration;
			buildSettings = {
				BUNDLE_LOADER = "$(TEST_HOST)";
				GENERATE_INFOPLIST_FILE = YES;
				LD_RUNPATH_SEARCH_PATHS = (
					"$(inherited)",
					"@executable_path/Frameworks",
					"@loader_path/Frameworks",
				);
				PRODUCT_BUNDLE_IDENTIFIER = ai.xopc.xopc.uitests;
				SDKROOT = iphoneos;
				TARGETED_DEVICE_FAMILY = "1,2";
				TEST_TARGET_NAME = XopcMobile;
			};
			name = Release;
		};
		6554E127B8190C9A77816CA2 /* Release */ = {
			isa = XCBuildConfiguration;
			buildSettings = {
				ALWAYS_SEARCH_USER_PATHS = NO;
				CLANG_ANALYZER_NONNULL = YES;
				CLANG_ANALYZER_NUMBER_OBJECT_CONVERSION = YES_AGGRESSIVE;
				CLANG_CXX_LANGUAGE_STANDARD = "gnu++14";
				CLANG_CXX_LIBRARY = "libc++";
				CLANG_ENABLE_MODULES = YES;
				CLANG_ENABLE_OBJC_ARC = YES;
				CLANG_ENABLE_OBJC_WEAK = YES;
				CLANG_WARN_BLOCK_CAPTURE_AUTORELEASING = YES;
				CLANG_WARN_BOOL_CONVERSION = YES;
				CLANG_WARN_COMMA = YES;
				CLANG_WARN_CONSTANT_CONVERSION = YES;
				CLANG_WARN_DEPRECATED_OBJC_IMPLEMENTATIONS = YES;
				CLANG_WARN_DIRECT_OBJC_ISA_USAGE = YES_ERROR;
				CLANG_WARN_DOCUMENTATION_COMMENTS = YES;
				CLANG_WARN_EMPTY_BODY = YES;
				CLANG_WARN_ENUM_CONVERSION = YES;
				CLANG_WARN_INFINITE_RECURSION = YES;
				CLANG_WARN_INT_CONVERSION = YES;
				CLANG_WARN_NON_LITERAL_NULL_CONVERSION = YES;
				CLANG_WARN_OBJC_IMPLICIT_RETAIN_SELF = YES;
				CLANG_WARN_OBJC_LITERAL_CONVERSION = YES;
				CLANG_WARN_OBJC_ROOT_CLASS = YES_ERROR;
				CLANG_WARN_QUOTED_INCLUDE_IN_FRAMEWORK_HEADER = YES;
				CLANG_WARN_RANGE_LOOP_ANALYSIS = YES;
				CLANG_WARN_STRICT_PROTOTYPES = YES;
				CLANG_WARN_SUSPICIOUS_MOVE = YES;
				CLANG_WARN_UNGUARDED_AVAILABILITY = YES_AGGRESSIVE;
				CLANG_WARN_UNREACHABLE_CODE = YES;
				CLANG_WARN__DUPLICATE_METHOD_MATCH = YES;
				COPY_PHASE_STRIP = NO;
				DEBUG_INFORMATION_FORMAT = "dwarf-with-dsym";
				ENABLE_NS_ASSERTIONS = NO;
				ENABLE_STRICT_OBJC_MSGSEND = YES;
				ENABLE_USER_SCRIPT_SANDBOXING = YES;
				GCC_C_LANGUAGE_STANDARD = gnu11;
				GCC_NO_COMMON_BLOCKS = YES;
				GCC_WARN_64_TO_32_BIT_CONVERSION = YES;
				GCC_WARN_ABOUT_RETURN_TYPE = YES_ERROR;
				GCC_WARN_UNDECLARED_SELECTOR = YES;
				GCC_WARN_UNINITIALIZED_AUTOS = YES_AGGRESSIVE;
				GCC_WARN_UNUSED_FUNCTION = YES;
				GCC_WARN_UNUSED_VARIABLE = YES;
				IPHONEOS_DEPLOYMENT_TARGET = 17.0;
				MTL_ENABLE_DEBUG_INFO = NO;
				MTL_FAST_MATH = YES;
				PRODUCT_NAME = "$(TARGET_NAME)";
				SDKROOT = iphoneos;
				SWIFT_COMPILATION_MODE = wholemodule;
				SWIFT_OPTIMIZATION_LEVEL = "-O";
				SWIFT_STRICT_CONCURRENCY = complete;
				SWIFT_VERSION = 6.0;
			};
			name = Release;
		};
		8A436E158045B5BC02F078DD /* Debug */ = {
			isa = XCBuildConfiguration;
			buildSettings = {
				BUNDLE_LOADER = "$(TEST_HOST)";
				GENERATE_INFOPLIST_FILE = YES;
				LD_RUNPATH_SEARCH_PATHS = (
					"$(inherited)",
					"@executable_path/Frameworks",
					"@loader_path/Frameworks",
				);
				PRODUCT_BUNDLE_IDENTIFIER = ai.xopc.xopc.tests;
				SDKROOT = iphoneos;
				TARGETED_DEVICE_FAMILY = "1,2";
				TEST_HOST = "$(BUILT_PRODUCTS_DIR)/XopcMobile.app/XopcMobile";
			};
			name = Debug;
		};
		8BB95C819BC95B82F63202C1 /* Debug */ = {
			isa = XCBuildConfiguration;
			buildSettings = {
				BUNDLE_LOADER = "$(TEST_HOST)";
				GENERATE_INFOPLIST_FILE = YES;
				LD_RUNPATH_SEARCH_PATHS = (
					"$(inherited)",
					"@executable_path/Frameworks",
					"@loader_path/Frameworks",
				);
				PRODUCT_BUNDLE_IDENTIFIER = ai.xopc.xopc.uitests;
				SDKROOT = iphoneos;
				TARGETED_DEVICE_FAMILY = "1,2";
				TEST_TARGET_NAME = XopcMobile;
			};
			name = Debug;
		};
		91045E5D5E745E90CF4A1C9A /* Release */ = {
			isa = XCBuildConfiguration;
			buildSettings = {
				ASSETCATALOG_COMPILER_APPICON_NAME = AppIcon;
				ASSETCATALOG_COMPILER_GLOBAL_ACCENT_COLOR_NAME = AccentColor;
				CODE_SIGN_IDENTITY = "iPhone Developer";
				CURRENT_PROJECT_VERSION = 1;
				GENERATE_INFOPLIST_FILE = YES;
				INFOPLIST_FILE = XopcMobile/Resources/Info.plist;
				INFOPLIST_KEY_CFBundleDisplayName = xopc;
				INFOPLIST_KEY_ITSAppUsesNonExemptEncryption = NO;
				INFOPLIST_KEY_LSApplicationCategoryType = "public.app-category.productivity";
				INFOPLIST_KEY_NSAppTransportSecurity_NSAllowsLocalNetworking = YES;
				INFOPLIST_KEY_NSCameraUsageDescription = "用于拍摄并发送给助手的图片。";
				INFOPLIST_KEY_NSMicrophoneUsageDescription = "用于录制语音消息和语音笔记。";
				INFOPLIST_KEY_UIApplicationSupportsIndirectInputEvents = YES;
				INFOPLIST_KEY_UILaunchStoryboardName = LaunchScreen;
				LD_RUNPATH_SEARCH_PATHS = (
					"$(inherited)",
					"@executable_path/Frameworks",
				);
				MARKETING_VERSION = 0.0.81;
				PRODUCT_BUNDLE_IDENTIFIER = ai.xopc.xopc;
				SDKROOT = iphoneos;
				TARGETED_DEVICE_FAMILY = "1,2";
			};
			name = Release;
		};
		A32C57EEA821447E25853F35 /* Debug */ = {
			isa = XCBuildConfiguration;
			buildSettings = {
				ALWAYS_SEARCH_USER_PATHS = NO;
				CLANG_ANALYZER_NONNULL = YES;
				CLANG_ANALYZER_NUMBER_OBJECT_CONVERSION = YES_AGGRESSIVE;
				CLANG_CXX_LANGUAGE_STANDARD = "gnu++14";
				CLANG_CXX_LIBRARY = "libc++";
				CLANG_ENABLE_MODULES = YES;
				CLANG_ENABLE_OBJC_ARC = YES;
				CLANG_ENABLE_OBJC_WEAK = YES;
				CLANG_WARN_BLOCK_CAPTURE_AUTORELEASING = YES;
				CLANG_WARN_BOOL_CONVERSION = YES;
				CLANG_WARN_COMMA = YES;
				CLANG_WARN_CONSTANT_CONVERSION = YES;
				CLANG_WARN_DEPRECATED_OBJC_IMPLEMENTATIONS = YES;
				CLANG_WARN_DIRECT_OBJC_ISA_USAGE = YES_ERROR;
				CLANG_WARN_DOCUMENTATION_COMMENTS = YES;
				CLANG_WARN_EMPTY_BODY = YES;
				CLANG_WARN_ENUM_CONVERSION = YES;
				CLANG_WARN_INFINITE_RECURSION = YES;
				CLANG_WARN_INT_CONVERSION = YES;
				CLANG_WARN_NON_LITERAL_NULL_CONVERSION = YES;
				CLANG_WARN_OBJC_IMPLICIT_RETAIN_SELF = YES;
				CLANG_WARN_OBJC_LITERAL_CONVERSION = YES;
				CLANG_WARN_OBJC_ROOT_CLASS = YES_ERROR;
				CLANG_WARN_QUOTED_INCLUDE_IN_FRAMEWORK_HEADER = YES;
				CLANG_WARN_RANGE_LOOP_ANALYSIS = YES;
				CLANG_WARN_STRICT_PROTOTYPES = YES;
				CLANG_WARN_SUSPICIOUS_MOVE = YES;
				CLANG_WARN_UNGUARDED_AVAILABILITY = YES_AGGRESSIVE;
				CLANG_WARN_UNREACHABLE_CODE = YES;
				CLANG_WARN__DUPLICATE_METHOD_MATCH = YES;
				COPY_PHASE_STRIP = NO;
				DEBUG_INFORMATION_FORMAT = dwarf;
				ENABLE_STRICT_OBJC_MSGSEND = YES;
				ENABLE_TESTABILITY = YES;
				ENABLE_USER_SCRIPT_SANDBOXING = YES;
				GCC_C_LANGUAGE_STANDARD = gnu11;
				GCC_DYNAMIC_NO_PIC = NO;
				GCC_NO_COMMON_BLOCKS = YES;
				GCC_OPTIMIZATION_LEVEL = 0;
				GCC_PREPROCESSOR_DEFINITIONS = (
					"$(inherited)",
					"DEBUG=1",
				);
				GCC_WARN_64_TO_32_BIT_CONVERSION = YES;
				GCC_WARN_ABOUT_RETURN_TYPE = YES_ERROR;
				GCC_WARN_UNDECLARED_SELECTOR = YES;
				GCC_WARN_UNINITIALIZED_AUTOS = YES_AGGRESSIVE;
				GCC_WARN_UNUSED_FUNCTION = YES;
				GCC_WARN_UNUSED_VARIABLE = YES;
				IPHONEOS_DEPLOYMENT_TARGET = 17.0;
				MTL_ENABLE_DEBUG_INFO = INCLUDE_SOURCE;
				MTL_FAST_MATH = YES;
				ONLY_ACTIVE_ARCH = YES;
				PRODUCT_NAME = "$(TARGET_NAME)";
				SDKROOT = iphoneos;
				SWIFT_ACTIVE_COMPILATION_CONDITIONS = DEBUG;
				SWIFT_OPTIMIZATION_LEVEL = "-Onone";
				SWIFT_STRICT_CONCURRENCY = complete;
				SWIFT_VERSION = 6.0;
			};
			name = Debug;
		};
/* End XCBuildConfiguration section */

/* Begin XCConfigurationList section */
		327C094009379DE303742F8B /* Build configuration list for PBXNativeTarget "XopcMobileUITests" */ = {
			isa = XCConfigurationList;
			buildConfigurations = (
				8BB95C819BC95B82F63202C1 /* Debug */,
				447E4B0A30A9D7F09F86B75F /* Release */,
			);
			defaultConfigurationIsVisible = 0;
			defaultConfigurationName = Debug;
		};
		D009A2FBE9F89603FBD8945F /* Build configuration list for PBXNativeTarget "XopcMobile" */ = {
			isa = XCConfigurationList;
			buildConfigurations = (
				045B070CDEC59F09A9A98DAD /* Debug */,
				91045E5D5E745E90CF4A1C9A /* Release */,
			);
			defaultConfigurationIsVisible = 0;
			defaultConfigurationName = Debug;
		};
		D48641814A6A626E18B66104 /* Build configuration list for PBXNativeTarget "XopcMobileTests" */ = {
			isa = XCConfigurationList;
			buildConfigurations = (
				8A436E158045B5BC02F078DD /* Debug */,
				1BC2B32BE078B0A39EE5D5F5 /* Release */,
			);
			defaultConfigurationIsVisible = 0;
			defaultConfigurationName = Debug;
		};
		E4E2BBE8E751F3DD3E08868B /* Build configuration list for PBXProject "XopcMobile" */ = {
			isa = XCConfigurationList;
			buildConfigurations = (
				A32C57EEA821447E25853F35 /* Debug */,
				6554E127B8190C9A77816CA2 /* Release */,
			);
			defaultConfigurationIsVisible = 0;
			defaultConfigurationName = Debug;
		};
/* End XCConfigurationList section */
	};
	rootObject = 2ACCDFF5B1573D1C986C03A6 /* Project object */;
}
